
Microsoft Visual Studio Solution File, Format Version 12.00
# Visual Studio Version 17
VisualStudioVersion = 17.3.32804.467
MinimumVisualStudioVersion = 10.0.40219.1
Project("{9A19103F-16F7-4668-BE54-9A1E7A4F7556}") = "BlazorWasm", "BlazorWasm\BlazorWasm.csproj", "{F17BEDF4-A046-49A7-A0E1-63AFFAACD043}"
EndProject
Project("{9A19103F-16F7-4668-BE54-9A1E7A4F7556}") = "Northwind.Contract", "..\Practise\NorthwindWebSolution\Northwind.Contract\Northwind.Contract.csproj", "{1ECAAB60-8D59-466E-A4B7-BED44F5F40A0}"
EndProject
Project("{9A19103F-16F7-4668-BE54-9A1E7A4F7556}") = "Northwind.Domain", "..\Practise\NorthwindWebSolution\Northwind.Domain\Northwind.Domain.csproj", "{A4A6431E-496B-4C03-A167-2E9FA9C8EF40}"
EndProject
Global
	GlobalSection(SolutionConfigurationPlatforms) = preSolution
		Debug|Any CPU = Debug|Any CPU
		Release|Any CPU = Release|Any CPU
	EndGlobalSection
	GlobalSection(ProjectConfigurationPlatforms) = postSolution
		{F17BEDF4-A046-49A7-A0E1-63AFFAACD043}.Debug|Any CPU.ActiveCfg = Debug|Any CPU
		{F17BEDF4-A046-49A7-A0E1-63AFFAACD043}.Debug|Any CPU.Build.0 = Debug|Any CPU
		{F17BEDF4-A046-49A7-A0E1-63AFFAACD043}.Release|Any CPU.ActiveCfg = Release|Any CPU
		{F17BEDF4-A046-49A7-A0E1-63AFFAACD043}.Release|Any CPU.Build.0 = Release|Any CPU
		{1ECAAB60-8D59-466E-A4B7-BED44F5F40A0}.Debug|Any CPU.ActiveCfg = Debug|Any CPU
		{1ECAAB60-8D59-466E-A4B7-BED44F5F40A0}.Debug|Any CPU.Build.0 = Debug|Any CPU
		{1ECAAB60-8D59-466E-A4B7-BED44F5F40A0}.Release|Any CPU.ActiveCfg = Release|Any CPU
		{1ECAAB60-8D59-466E-A4B7-BED44F5F40A0}.Release|Any CPU.Build.0 = Release|Any CPU
		{A4A6431E-496B-4C03-A167-2E9FA9C8EF40}.Debug|Any CPU.ActiveCfg = Debug|Any CPU
		{A4A6431E-496B-4C03-A167-2E9FA9C8EF40}.Debug|Any CPU.Build.0 = Debug|Any CPU
		{A4A6431E-496B-4C03-A167-2E9FA9C8EF40}.Release|Any CPU.ActiveCfg = Release|Any CPU
		{A4A6431E-496B-4C03-A167-2E9FA9C8EF40}.Release|Any CPU.Build.0 = Release|Any CPU
	EndGlobalSection
	GlobalSection(SolutionProperties) = preSolution
		HideSolutionNode = FALSE
	EndGlobalSection
	GlobalSection(ExtensibilityGlobals) = postSolution
		SolutionGuid = {C3C365C3-29F1-4900-BF81-3AAE481690B4}
	EndGlobalSection
EndGlobal
